// !$*UTF8*$!
{
	archiveVersion = 1;
	classes = {
	};
	objectVersion = 51;
	objects = {

/* Begin PBXBuildFile section */
		48C34AF0E7925DA06137708B /* Pods_Book_Finder.framework in Frameworks */ = {isa = PBXBuildFile; fileRef = DD922B6D23EBFEDE04696EBC /* Pods_Book_Finder.framework */; };
		B62026FE25D54CB00094A85F /* AppDelegate.swift in Sources */ = {isa = PBXBuildFile; fileRef = B62026FD25D54CB00094A85F /* AppDelegate.swift */; };
		B620270025D54CB00094A85F /* SceneDelegate.swift in Sources */ = {isa = PBXBuildFile; fileRef = B62026FF25D54CB00094A85F /* SceneDelegate.swift */; };
		B620270225D54CB00094A85F /* ViewController.swift in Sources */ = {isa = PBXBuildFile; fileRef = B620270125D54CB00094A85F /* ViewController.swift */; };
		B620270525D54CB00094A85F /* Main.storyboard in Resources */ = {isa = PBXBuildFile; fileRef = B620270325D54CB00094A85F /* Main.storyboard */; };
		B620270725D54CB10094A85F /* Assets.xcassets in Resources */ = {isa = PBXBuildFile; fileRef = B620270625D54CB10094A85F /* Assets.xcassets */; };
		B620270A25D54CB10094A85F /* LaunchScreen.storyboard in Resources */ = {isa = PBXBuildFile; fileRef = B620270825D54CB10094A85F /* LaunchScreen.storyboard */; };
/* End PBXBuildFile section */

/* Begin PBXFileReference section */
		46BEA5A712C1A3D01404674A /* Pods-Book Finder.release.xcconfig */ = {isa = PBXFileReference; includeInIndex = 1; lastKnownFileType = text.xcconfig; name = "Pods-Book Finder.release.xcconfig"; path = "Target Support Files/Pods-Book Finder/Pods-Book Finder.release.xcconfig"; sourceTree = "<group>"; };
		5512510095D58459D01C0697 /* Pods-Book Finder.debug.xcconfig */ = {isa = PBXFileReference; includeInIndex = 1; lastKnownFileType = text.xcconfig; name = "Pods-Book Finder.debug.xcconfig"; path = "Target Support Files/Pods-Book Finder/Pods-Book Finder.debug.xcconfig"; sourceTree = "<group>"; };
		B62026FA25D54CB00094A85F /* Book Finder.app */ = {isa = PBXFileReference; explicitFileType = wrapper.application; includeInIndex = 0; path = "Book Finder.app"; sourceTree = BUILT_PRODUCTS_DIR; };
		B62026FD25D54CB00094A85F /* AppDelegate.swift */ = {isa = PBXFileReference; lastKnownFileType = sourcecode.swift; path = AppDelegate.swift; sourceTree = "<group>"; };
		B62026FF25D54CB00094A85F /* SceneDelegate.swift */ = {isa = PBXFileReference; lastKnownFileType = sourcecode.swift; path = SceneDelegate.swift; sourceTree = "<group>"; };
		B620270125D54CB00094A85F /* ViewController.swift */ = {isa = PBXFileReference; lastKnownFileType = sourcecode.swift; path = ViewController.swift; sourceTree = "<group>"; };
		B620270425D54CB00094A85F /* Base */ = {isa = PBXFileReference; lastKnownFileType = file.storyboard; name = Base; path = Base.lproj/Main.storyboard; sourceTree = "<group>"; };
		B620270625D54CB10094A85F /* Assets.xcassets */ = {isa = PBXFileReference; lastKnownFileType = folder.assetcatalog; path = Assets.xcassets; sourceTree = "<group>"; };
		B620270925D54CB10094A85F /* Base */ = {isa = PBXFileReference; lastKnownFileType = file.storyboard; name = Base; path = Base.lproj/LaunchScreen.storyboard; sourceTree = "<group>"; };
		B620270B25D54CB10094A85F /* Info.plist */ = {isa = PBXFileReference; lastKnownFileType = text.plist.xml; path = Info.plist; sourceTree = "<group>"; };
		DD922B6D23EBFEDE04696EBC /* Pods_Book_Finder.framework */ = {isa = PBXFileReference; explicitFileType = wrapper.framework; includeInIndex = 0; path = Pods_Book_Finder.framework; sourceTree = BUILT_PRODUCTS_DIR; };
/* End PBXFileReference section */

/* Begin PBXFrameworksBuildPhase section */
		B62026F725D54CB00094A85F /* Frameworks */ = {
			isa = PBXFrameworksBuildPhase;
			buildActionMask = 2147483647;
			files = (
				48C34AF0E7925DA06137708B /* Pods_Book_Finder.framework in Frameworks */,
			);
			runOnlyForDeploymentPostprocessing = 0;
		};
/* End PBXFrameworksBuildPhase section */

/* Begin PBXGroup section */
		0920556A1F648459BB04B1A0 /* Pods */ = {
			isa = PBXGroup;
			children = (
				5512510095D58459D01C0697 /* Pods-Book Finder.debug.xcconfig */,
				46BEA5A712C1A3D01404674A /* Pods-Book Finder.release.xcconfig */,
			);
			path = Pods;
			sourceTree = "<group>";
		};
		1BFE81CB2BA1CA2E88A2546D /* Frameworks */ = {
			isa = PBXGroup;
			children = (
				DD922B6D23EBFEDE04696EBC /* Pods_Book_Finder.framework */,
			);
			name = Frameworks;
			sourceTree = "<group>";
		};
		B62026F125D54CB00094A85F = {
			isa = PBXGroup;
			children = (
				B62026FC25D54CB00094A85F /* Book Finder */,
				B62026FB25D54CB00094A85F /* Products */,
				0920556A1F648459BB04B1A0 /* Pods */,
				1BFE81CB2BA1CA2E88A2546D /* Frameworks */,
			);
			sourceTree = "<group>";
		};
		B62026FB25D54CB00094A85F /* Products */ = {
			isa = PBXGroup;
			children = (
				B62026FA25D54CB00094A85F /* Book Finder.app */,
			);
			name = Products;
			sourceTree = "<group>";
		};
		B62026FC25D54CB00094A85F /* Book Finder */ = {
			isa = PBXGroup;
			children = (
				B620272025D550A90094A85F /* Translation */,
				B620271F25D5508B0094A85F /* UI */,
				B620271E25D5507B0094A85F /* Network */,
				B620271D25D550740094A85F /* Model */,
				B620271925D550140094A85F /* SupportingFiles */,
			);
			path = "Book Finder";
			sourceTree = "<group>";
		};
		B620271925D550140094A85F /* SupportingFiles */ = {
			isa = PBXGroup;
			children = (
				B62026FD25D54CB00094A85F /* AppDelegate.swift */,
				B62026FF25D54CB00094A85F /* SceneDelegate.swift */,
				B620270625D54CB10094A85F /* Assets.xcassets */,
				B620270B25D54CB10094A85F /* Info.plist */,
			);
			path = SupportingFiles;
			sourceTree = "<group>";
		};
		B620271D25D550740094A85F /* Model */ = {
			isa = PBXGroup;
			children = (
			);
			path = Model;
			sourceTree = "<group>";
		};
		B620271E25D5507B0094A85F /* Network */ = {
			isa = PBXGroup;
			children = (
			);
			path = Network;
			sourceTree = "<group>";
		};
		B620271F25D5508B0094A85F /* UI */ = {
			isa = PBXGroup;
			children = (
				B620270125D54CB00094A85F /* ViewController.swift */,
				B620270325D54CB00094A85F /* Main.storyboard */,
				B620270825D54CB10094A85F /* LaunchScreen.storyboard */,
			);
			path = UI;
			sourceTree = "<group>";
		};
		B620272025D550A90094A85F /* Translation */ = {
			isa = PBXGroup;
			children = (
			);
			path = Translation;
			sourceTree = "<group>";
		};
/* End PBXGroup section */

/* Begin PBXNativeTarget section */
		B62026F925D54CB00094A85F /* Book Finder */ = {
			isa = PBXNativeTarget;
			buildConfigurationList = B620270E25D54CB10094A85F /* Build configuration list for PBXNativeTarget "Book Finder" */;
			buildPhases = (
				AE3A21F70A3C663288942FC7 /* [CP] Check Pods Manifest.lock */,
				B62026F625D54CB00094A85F /* Sources */,
				B62026F725D54CB00094A85F /* Frameworks */,
				B62026F825D54CB00094A85F /* Resources */,
				26A91C22FA5C151165609FAF /* [CP] Embed Pods Frameworks */,
			);
			buildRules = (
			);
			dependencies = (
			);
			name = "Book Finder";
			productName = "Book Finder";
			productReference = B62026FA25D54CB00094A85F /* Book Finder.app */;
			productType = "com.apple.product-type.application";
		};
/* End PBXNativeTarget section */

/* Begin PBXProject section */
		B62026F225D54CB00094A85F /* Project object */ = {
			isa = PBXProject;
			attributes = {
				LastSwiftUpdateCheck = 1240;
				LastUpgradeCheck = 1240;
				TargetAttributes = {
					B62026F925D54CB00094A85F = {
						CreatedOnToolsVersion = 12.4;
					};
				};
			};
			buildConfigurationList = B62026F525D54CB00094A85F /* Build configuration list for PBXProject "Book Finder" */;
			compatibilityVersion = "Xcode 9.3";
			developmentRegion = en;
			hasScannedForEncodings = 0;
			knownRegions = (
				en,
				Base,
			);
			mainGroup = B62026F125D54CB00094A85F;
			productRefGroup = B62026FB25D54CB00094A85F /* Products */;
			projectDirPath = "";
			projectRoot = "";
			targets = (
				B62026F925D54CB00094A85F /* Book Finder */,
			);
		};
/* End PBXProject section */

/* Begin PBXResourcesBuildPhase section */
		B62026F825D54CB00094A85F /* Resources */ = {
			isa = PBXResourcesBuildPhase;
			buildActionMask = 2147483647;
			files = (
				B620270A25D54CB10094A85F /* LaunchScreen.storyboard in Resources */,
				B620270725D54CB10094A85F /* Assets.xcassets in Resources */,
				B620270525D54CB00094A85F /* Main.storyboard in Resources */,
			);
			runOnlyForDeploymentPostprocessing = 0;
		};
/* End PBXResourcesBuildPhase section */

/* Begin PBXShellScriptBuildPhase section */
		26A91C22FA5C151165609FAF /* [CP] Embed Pods Frameworks */ = {
			isa = PBXShellScriptBuildPhase;
			buildActionMask = 2147483647;
			files = (
			);
			inputFileListPaths = (
				"${PODS_ROOT}/Target Support Files/Pods-Book Finder/Pods-Book Finder-frameworks-${CONFIGURATION}-input-files.xcfilelist",
			);
			name = "[CP] Embed Pods Frameworks";
			outputFileListPaths = (
				"${PODS_ROOT}/Target Support Files/Pods-Book Finder/Pods-Book Finder-frameworks-${CONFIGURATION}-output-files.xcfilelist",
			);
			runOnlyForDeploymentPostprocessing = 0;
			shellPath = /bin/sh;
			shellScript = "\"${PODS_ROOT}/Target Support Files/Pods-Book Finder/Pods-Book Finder-frameworks.sh\"\n";
			showEnvVarsInLog = 0;
		};
		AE3A21F70A3C663288942FC7 /* [CP] Check Pods Manifest.lock */ = {
			isa = PBXShellScriptBuildPhase;
			buildActionMask = 2147483647;
			files = (
			);
			inputFileListPaths = (
			);
			inputPaths = (
				"${PODS_PODFILE_DIR_PATH}/Podfile.lock",
				"${PODS_ROOT}/Manifest.lock",
			);
			name = "[CP] Check Pods Manifest.lock";
			outputFileListPaths = (
			);
			outputPaths = (
				"$(DERIVED_FILE_DIR)/Pods-Book Finder-checkManifestLockResult.txt",
			);
			runOnlyForDeploymentPostprocessing = 0;
			shellPath = /bin/sh;
			shellScript = "diff \"${PODS_PODFILE_DIR_PATH}/Podfile.lock\" \"${PODS_ROOT}/Manifest.lock\" > /dev/null\nif [ $? != 0 ] ; then\n    # print error to STDERR\n    echo \"error: The sandbox is not in sync with the Podfile.lock. Run 'pod install' or update your CocoaPods installation.\" >&2\n    exit 1\nfi\n# This output is used by Xcode 'outputs' to avoid re-running this script phase.\necho \"SUCCESS\" > \"${SCRIPT_OUTPUT_FILE_0}\"\n";
			showEnvVarsInLog = 0;
		};
/* End PBXShellScriptBuildPhase section */

/* Begin PBXSourcesBuildPhase section */
		B62026F625D54CB00094A85F /* Sources */ = {
			isa = PBXSourcesBuildPhase;
			buildActionMask = 2147483647;
			files = (
				B620270225D54CB00094A85F /* ViewController.swift in Sources */,
				B62026FE25D54CB00094A85F /* AppDelegate.swift in Sources */,
				B620270025D54CB00094A85F /* SceneDelegate.swift in Sources */,
			);
			runOnlyForDeploymentPostprocessing = 0;
		};
/* End PBXSourcesBuildPhase section */

/* Begin PBXVariantGroup section */
		B620270325D54CB00094A85F /* Main.storyboard */ = {
			isa = PBXVariantGroup;
			children = (
				B620270425D54CB00094A85F /* Base */,
			);
			name = Main.storyboard;
			sourceTree = "<group>";
		};
		B620270825D54CB10094A85F /* LaunchScreen.storyboard */ = {
			isa = PBXVariantGroup;
			children = (
				B620270925D54CB10094A85F /* Base */,
			);
			name = LaunchScreen.storyboard;
			sourceTree = "<group>";
		};
/* End PBXVariantGroup section */

/* Begin XCBuildConfiguration section */
		B620270C25D54CB10094A85F /* Debug */ = {
			isa = XCBuildConfiguration;
			buildSettings = {
				ALWAYS_SEARCH_USER_PATHS = NO;
				CLANG_ANALYZER_NONNULL = YES;
				CLANG_ANALYZER_NUMBER_OBJECT_CONVERSION = YES_AGGRESSIVE;
				CLANG_CXX_LANGUAGE_STANDARD = "gnu++14";
				CLANG_CXX_LIBRARY = "libc++";
				CLANG_ENABLE_MODULES = YES;
				CLANG_ENABLE_OBJC_ARC = YES;
				CLANG_ENABLE_OBJC_WEAK = YES;
				CLANG_WARN_BLOCK_CAPTURE_AUTORELEASING = YES;
				CLANG_WARN_BOOL_CONVERSION = YES;
				CLANG_WARN_COMMA = YES;
				CLANG_WARN_CONSTANT_CONVERSION = YES;
				CLANG_WARN_DEPRECATED_OBJC_IMPLEMENTATIONS = YES;
				CLANG_WARN_DIRECT_OBJC_ISA_USAGE = YES_ERROR;
				CLANG_WARN_DOCUMENTATION_COMMENTS = YES;
				CLANG_WARN_EMPTY_BODY = YES;
				CLANG_WARN_ENUM_CONVERSION = YES;
				CLANG_WARN_INFINITE_RECURSION = YES;
				CLANG_WARN_INT_CONVERSION = YES;
				CLANG_WARN_NON_LITERAL_NULL_CONVERSION = YES;
				CLANG_WARN_OBJC_IMPLICIT_RETAIN_SELF = YES;
				CLANG_WARN_OBJC_LITERAL_CONVERSION = YES;
				CLANG_WARN_OBJC_ROOT_CLASS = YES_ERROR;
				CLANG_WARN_QUOTED_INCLUDE_IN_FRAMEWORK_HEADER = YES;
				CLANG_WARN_RANGE_LOOP_ANALYSIS = YES;
				CLANG_WARN_STRICT_PROTOTYPES = YES;
				CLANG_WARN_SUSPICIOUS_MOVE = YES;
				CLANG_WARN_UNGUARDED_AVAILABILITY = YES_AGGRESSIVE;
				CLANG_WARN_UNREACHABLE_CODE = YES;
				CLANG_WARN__DUPLICATE_METHOD_MATCH = YES;
				COPY_PHASE_STRIP = NO;
				DEBUG_INFORMATION_FORMAT = dwarf;
				ENABLE_STRICT_OBJC_MSGSEND = YES;
				ENABLE_TESTABILITY = YES;
				GCC_C_LANGUAGE_STANDARD = gnu11;
				GCC_DYNAMIC_NO_PIC = NO;
				GCC_NO_COMMON_BLOCKS = YES;
				GCC_OPTIMIZATION_LEVEL = 0;
				GCC_PREPROCESSOR_DEFINITIONS = (
					"DEBUG=1",
					"$(inherited)",
				);
				GCC_WARN_64_TO_32_BIT_CONVERSION = YES;
				GCC_WARN_ABOUT_RETURN_TYPE = YES_ERROR;
				GCC_WARN_UNDECLARED_SELECTOR = YES;
				GCC_WARN_UNINITIALIZED_AUTOS = YES_AGGRESSIVE;
				GCC_WARN_UNUSED_FUNCTION = YES;
				GCC_WARN_UNUSED_VARIABLE = YES;
				IPHONEOS_DEPLOYMENT_TARGET = 14.4;
				MTL_ENABLE_DEBUG_INFO = INCLUDE_SOURCE;
				MTL_FAST_MATH = YES;
				ONLY_ACTIVE_ARCH = YES;
				SDKROOT = iphoneos;
				SWIFT_ACTIVE_COMPILATION_CONDITIONS = DEBUG;
				SWIFT_OPTIMIZATION_LEVEL = "-Onone";
			};
			name = Debug;
		};
		B620270D25D54CB10094A85F /* Release */ = {
			isa = XCBuildConfiguration;
			buildSettings = {
				ALWAYS_SEARCH_USER_PATHS = NO;
				CLANG_ANALYZER_NONNULL = YES;
				CLANG_ANALYZER_NUMBER_OBJECT_CONVERSION = YES_AGGRESSIVE;
				CLANG_CXX_LANGUAGE_STANDARD = "gnu++14";
				CLANG_CXX_LIBRARY = "libc++";
				CLANG_ENABLE_MODULES = YES;
				CLANG_ENABLE_OBJC_ARC = YES;
				CLANG_ENABLE_OBJC_WEAK = YES;
				CLANG_WARN_BLOCK_CAPTURE_AUTORELEASING = YES;
				CLANG_WARN_BOOL_CONVERSION = YES;
				CLANG_WARN_COMMA = YES;
				CLANG_WARN_CONSTANT_CONVERSION = YES;
				CLANG_WARN_DEPRECATED_OBJC_IMPLEMENTATIONS = YES;
				CLANG_WARN_DIRECT_OBJC_ISA_USAGE = YES_ERROR;
				CLANG_WARN_DOCUMENTATION_COMMENTS = YES;
				CLANG_WARN_EMPTY_BODY = YES;
				CLANG_WARN_ENUM_CONVERSION = YES;
				CLANG_WARN_INFINITE_RECURSION = YES;
				CLANG_WARN_INT_CONVERSION = YES;
				CLANG_WARN_NON_LITERAL_NULL_CONVERSION = YES;
				CLANG_WARN_OBJC_IMPLICIT_RETAIN_SELF = YES;
				CLANG_WARN_OBJC_LITERAL_CONVERSION = YES;
				CLANG_WARN_OBJC_ROOT_CLASS = YES_ERROR;
				CLANG_WARN_QUOTED_INCLUDE_IN_FRAMEWORK_HEADER = YES;
				CLANG_WARN_RANGE_LOOP_ANALYSIS = YES;
				CLANG_WARN_STRICT_PROTOTYPES = YES;
				CLANG_WARN_SUSPICIOUS_MOVE = YES;
				CLANG_WARN_UNGUARDED_AVAILABILITY = YES_AGGRESSIVE;
				CLANG_WARN_UNREACHABLE_CODE = YES;
				CLANG_WARN__DUPLICATE_METHOD_MATCH = YES;
				COPY_PHASE_STRIP = NO;
				DEBUG_INFORMATION_FORMAT = "dwarf-with-dsym";
				ENABLE_NS_ASSERTIONS = NO;
				ENABLE_STRICT_OBJC_MSGSEND = YES;
				GCC_C_LANGUAGE_STANDARD = gnu11;
				GCC_NO_COMMON_BLOCKS = YES;
				GCC_WARN_64_TO_32_BIT_CONVERSION = YES;
				GCC_WARN_ABOUT_RETURN_TYPE = YES_ERROR;
				GCC_WARN_UNDECLARED_SELECTOR = YES;
				GCC_WARN_UNINITIALIZED_AUTOS = YES_AGGRESSIVE;
				GCC_WARN_UNUSED_FUNCTION = YES;
				GCC_WARN_UNUSED_VARIABLE = YES;
				IPHONEOS_DEPLOYMENT_TARGET = 14.4;
				MTL_ENABLE_DEBUG_INFO = NO;
				MTL_FAST_MATH = YES;
				SDKROOT = iphoneos;
				SWIFT_COMPILATION_MODE = wholemodule;
				SWIFT_OPTIMIZATION_LEVEL = "-O";
				VALIDATE_PRODUCT = YES;
			};
			name = Release;
		};
		B620270F25D54CB10094A85F /* Debug */ = {
			isa = XCBuildConfiguration;
			baseConfigurationReference = 5512510095D58459D01C0697 /* Pods-Book Finder.debug.xcconfig */;
			buildSettings = {
				ASSETCATALOG_COMPILER_APPICON_NAME = AppIcon;
				ASSETCATALOG_COMPILER_GLOBAL_ACCENT_COLOR_NAME = AccentColor;
				CODE_SIGN_STYLE = Automatic;
				DEVELOPMENT_TEAM = KFN6BYG44K;
				INFOPLIST_FILE = "Book Finder/SupportingFiles/Info.plist";
				LD_RUNPATH_SEARCH_PATHS = (
					"$(inherited)",
					"@executable_path/Frameworks",
				);
				PRODUCT_BUNDLE_IDENTIFIER = "com.korona.Book-Finder";
				PRODUCT_NAME = "$(TARGET_NAME)";
				SWIFT_VERSION = 5.0;
				TARGETED_DEVICE_FAMILY = "1,2";
			};
			name = Debug;
		};
		B620271025D54CB10094A85F /* Release */ = {
			isa = XCBuildConfiguration;
			baseConfigurationReference = 46BEA5A712C1A3D01404674A /* Pods-Book Finder.release.xcconfig */;
			buildSettings = {
				ASSETCATALOG_COMPILER_APPICON_NAME = AppIcon;
				ASSETCATALOG_COMPILER_GLOBAL_ACCENT_COLOR_NAME = AccentColor;
				CODE_SIGN_STYLE = Automatic;
				DEVELOPMENT_TEAM = KFN6BYG44K;
				INFOPLIST_FILE = "Book Finder/SupportingFiles/Info.plist";
				LD_RUNPATH_SEARCH_PATHS = (
					"$(inherited)",
					"@executable_path/Frameworks",
				);
				PRODUCT_BUNDLE_IDENTIFIER = "com.korona.Book-Finder";
				PRODUCT_NAME = "$(TARGET_NAME)";
				SWIFT_VERSION = 5.0;
				TARGETED_DEVICE_FAMILY = "1,2";
			};
			name = Release;
		};
/* End XCBuildConfiguration section */

/* Begin XCConfigurationList section */
		B62026F525D54CB00094A85F /* Build configuration list for PBXProject "Book Finder" */ = {
			isa = XCConfigurationList;
			buildConfigurations = (
				B620270C25D54CB10094A85F /* Debug */,
				B620270D25D54CB10094A85F /* Release */,
			);
			defaultConfigurationIsVisible = 0;
			defaultConfigurationName = Release;
		};
		B620270E25D54CB10094A85F /* Build configuration list for PBXNativeTarget "Book Finder" */ = {
			isa = XCConfigurationList;
			buildConfigurations = (
				B620270F25D54CB10094A85F /* Debug */,
				B620271025D54CB10094A85F /* Release */,
			);
			defaultConfigurationIsVisible = 0;
			defaultConfigurationName = Release;
		};
/* End XCConfigurationList section */
	};
	rootObject = B62026F225D54CB00094A85F /* Project object */;
}
